# THIS IS AN AUTOGENERATED FILE. DO NOT EDIT THIS FILE DIRECTLY.
# yarn lockfile v1


faye-websocket@>=0.6.0:
  version "0.11.4"
  resolved "https://registry.yarnpkg.com/faye-websocket/-/faye-websocket-0.11.4.tgz#7f0d9275cfdd86a1c963dc8b65fcc451edcbb1da"
  integrity sha512-CzbClwlXAuiRQAlUyfqPgvPoNKTckTPGfwZV4ZdAhVcP2lh9KUxJg2b5GkE7XbjKQ3YJnQ9z6D9ntLAlB+tP8g==
  dependencies:
    websocket-driver ">=0.5.1"

firebase-token-generator@^2.0.0:
  version "2.0.0"
  resolved "https://registry.yarnpkg.com/firebase-token-generator/-/firebase-token-generator-2.0.0.tgz#9767d759ec13abdc99ba115fd5ea99d8b93d1206"
  integrity sha1-l2fXWewTq9yZuhFf1eqZ2Lk9EgY=

firebase@^2.1.2:
  version "2.4.2"
  resolved "https://registry.yarnpkg.com/firebase/-/firebase-2.4.2.tgz#4e1119ec0396ca561d8a7acbff1630feac6c0a31"
  integrity sha1-ThEZ7AOWylYdinrL/xYw/qxsCjE=
  dependencies:
    faye-websocket ">=0.6.0"

firestore@^1.1.6:
  version "1.1.6"
  resolved "https://registry.yarnpkg.com/firestore/-/firestore-1.1.6.tgz#73284bce9fe9b08bdad6c18278d25b696e123cc2"
  integrity sha1-cyhLzp/psIva1sGCeNJbaW4SPMI=
  dependencies:
    firebase "^2.1.2"
    firebase-token-generator "^2.0.0"
    lodash "^3.1.0"

http-parser-js@>=0.5.1:
  version "0.5.3"
  resolved "https://registry.yarnpkg.com/http-parser-js/-/http-parser-js-0.5.3.tgz#01d2709c79d41698bb01d4decc5e9da4e4a033d9"
  integrity sha512-t7hjvef/5HEK7RWTdUzVUhl8zkEu+LlaE0IYzdMuvbSDipxBRpOn4Uhw8ZyECEa808iVT8XCjzo6xmYt4CiLZg==

lodash@^3.1.0:
  version "3.10.1"
  resolved "https://registry.yarnpkg.com/lodash/-/lodash-3.10.1.tgz#5bf45e8e49ba4189e17d482789dfd15bd140b7b6"
  integrity sha1-W/Rejkm6QYnhfUgnid/RW9FAt7Y=

safe-buffer@>=5.1.0:
  version "5.2.1"
  resolved "https://registry.yarnpkg.com/safe-buffer/-/safe-buffer-5.2.1.tgz#1eaf9fa9bdb1fdd4ec75f58f9cdb4e6b7827eec6"
  integrity sha512-rp3So07KcdmmKbGvgaNxQSJr7bGVSVk5S9Eq1F+ppbRo70+YeaDxkw5Dd8NPN+GD6bjnYm2VuPuCXmpuYvmCXQ==

websocket-driver@>=0.5.1:
  version "0.7.4"
  resolved "https://registry.yarnpkg.com/websocket-driver/-/websocket-driver-0.7.4.tgz#89ad5295bbf64b480abcba31e4953aca706f5760"
  integrity sha512-b17KeDIQVjvb0ssuSDF2cYXSg2iztliJ4B9WdsuB6J952qCPKmnVq4DyW5motImXHDC1cBT/1UezrJVsKw5zjg==
  dependencies:
    http-parser-js ">=0.5.1"
    safe-buffer ">=5.1.0"
    websocket-extensions ">=0.1.1"

websocket-extensions@>=0.1.1:
  version "0.1.4"
  resolved "https://registry.yarnpkg.com/websocket-extensions/-/websocket-extensions-0.1.4.tgz#7f8473bc839dfd87608adb95d7eb075211578a42"
  integrity sha512-OqedPIGOfsDlo31UNwYbCFMSaO9m9G/0faIHj5/dZFDMFqPTcx6UwqyOy3COEaEOg/9VsGIpdqn62W5KhoKSpg==
